
Microsoft Visual Studio Solution File, Format Version 12.00
# Visual Studio Version 16
VisualStudioVersion = 16.0.30523.141
MinimumVisualStudioVersion = 10.0.40219.1
Project("{8BC9CEB8-8B4A-11D0-8D11-00A0C91BC942}") = "Project193", "Project193\Project193.vcxproj", "{FBCA5ED0-BD42-44A6-A5CA-F0A18A89ADC4}"
EndProject
Global
	GlobalSection(SolutionConfigurationPlatforms) = preSolution
		Debug|x64 = Debug|x64
		Debug|x86 = Debug|x86
		Release|x64 = Release|x64
		Release|x86 = Release|x86
	EndGlobalSection
	GlobalSection(ProjectConfigurationPlatforms) = postSolution
		{FBCA5ED0-BD42-44A6-A5CA-F0A18A89ADC4}.Debug|x64.ActiveCfg = Debug|x64
		{FBCA5ED0-BD42-44A6-A5CA-F0A18A89ADC4}.Debug|x64.Build.0 = Debug|x64
		{FBCA5ED0-BD42-44A6-A5CA-F0A18A89ADC4}.Debug|x86.ActiveCfg = Debug|Win32
		{FBCA5ED0-BD42-44A6-A5CA-F0A18A89ADC4}.Debug|x86.Build.0 = Debug|Win32
		{FBCA5ED0-BD42-44A6-A5CA-F0A18A89ADC4}.Release|x64.ActiveCfg = Release|x64
		{FBCA5ED0-BD42-44A6-A5CA-F0A18A89ADC4}.Release|x64.Build.0 = Release|x64
		{FBCA5ED0-BD42-44A6-A5CA-F0A18A89ADC4}.Release|x86.ActiveCfg = Release|Win32
		{FBCA5ED0-BD42-44A6-A5CA-F0A18A89ADC4}.Release|x86.Build.0 = Release|Win32
	EndGlobalSection
	GlobalSection(SolutionProperties) = preSolution
		HideSolutionNode = FALSE
	EndGlobalSection
	GlobalSection(ExtensibilityGlobals) = postSolution
		SolutionGuid = {F2406205-465D-433C-AD41-15A3528D4E47}
	EndGlobalSection
EndGlobal
